
Microsoft Visual Studio Solution File, Format Version 12.00
# Visual Studio Version 17
VisualStudioVersion = 17.3.32922.545
MinimumVisualStudioVersion = 10.0.40219.1
Project("{FAE04EC0-301F-11D3-BF4B-00C04F79EFBC}") = "CodingPie", "CodingPie\CodingPie.csproj", "{665A08B1-A599-4314-ADD4-7A43817512DF}"
EndProject
Global
	GlobalSection(SolutionConfigurationPlatforms) = preSolution
		Debug|Any CPU = Debug|Any CPU
		Release|Any CPU = Release|Any CPU
	EndGlobalSection
	GlobalSection(ProjectConfigurationPlatforms) = postSolution
		{665A08B1-A599-4314-ADD4-7A43817512DF}.Debug|Any CPU.ActiveCfg = Debug|Any CPU
		{665A08B1-A599-4314-ADD4-7A43817512DF}.Debug|Any CPU.Build.0 = Debug|Any CPU
		{665A08B1-A599-4314-ADD4-7A43817512DF}.Release|Any CPU.ActiveCfg = Release|Any CPU
		{665A08B1-A599-4314-ADD4-7A43817512DF}.Release|Any CPU.Build.0 = Release|Any CPU
	EndGlobalSection
	GlobalSection(SolutionProperties) = preSolution
		HideSolutionNode = FALSE
	EndGlobalSection
	GlobalSection(ExtensibilityGlobals) = postSolution
		SolutionGuid = {8ECDF01C-993E-4A22-A41D-CE40B2C49A78}
	EndGlobalSection
EndGlobal
